// !$*UTF8*$!
{
	archiveVersion = 1;
	classes = {
	};
	objectVersion = 50;
	objects = {

/* Begin PBXBuildFile section */
		132055D5224079CE00DA1DAB /* NetworkProtocolTests.swift in Sources */ = {isa = PBXBuildFile; fileRef = 132055D4224079CE00DA1DAB /* NetworkProtocolTests.swift */; };
		132055D62240862E00DA1DAB /* sampleImages.json in Resources */ = {isa = PBXBuildFile; fileRef = 13F4ADD0224074E600FEF381 /* sampleImages.json */; };
		132055D82240892800DA1DAB /* TypiImageEndpointTests.swift in Sources */ = {isa = PBXBuildFile; fileRef = 132055D72240892800DA1DAB /* TypiImageEndpointTests.swift */; };
		132055DE2240908C00DA1DAB /* JSONLoaderTests.swift in Sources */ = {isa = PBXBuildFile; fileRef = 132055DD2240908C00DA1DAB /* JSONLoaderTests.swift */; };
		132055E1224094D500DA1DAB /* ApiClient.swift in Sources */ = {isa = PBXBuildFile; fileRef = 132055E0224094D500DA1DAB /* ApiClient.swift */; };
		13F4ADCC22406FF800FEF381 /* TypiImageEndPoint.swift in Sources */ = {isa = PBXBuildFile; fileRef = 13F4ADCB22406FF800FEF381 /* TypiImageEndPoint.swift */; };
		13F4ADCF2240731C00FEF381 /* JSONLoader.swift in Sources */ = {isa = PBXBuildFile; fileRef = 13F4ADCE2240731C00FEF381 /* JSONLoader.swift */; };
		13F4ADD1224074E600FEF381 /* sampleImages.json in Resources */ = {isa = PBXBuildFile; fileRef = 13F4ADD0224074E600FEF381 /* sampleImages.json */; };
		48AB963E2240163000CBD657 /* AppDelegate.swift in Sources */ = {isa = PBXBuildFile; fileRef = 48AB963D2240163000CBD657 /* AppDelegate.swift */; };
		48AB96402240163000CBD657 /* ViewController.swift in Sources */ = {isa = PBXBuildFile; fileRef = 48AB963F2240163000CBD657 /* ViewController.swift */; };
		48AB96452240163200CBD657 /* Images.xcassets in Resources */ = {isa = PBXBuildFile; fileRef = 48AB96442240163200CBD657 /* Images.xcassets */; };
		48AB966E22401B1500CBD657 /* Image.swift in Sources */ = {isa = PBXBuildFile; fileRef = 48AB966D22401B1500CBD657 /* Image.swift */; };
		48AB967022401CB700CBD657 /* NetworkProtocol.swift in Sources */ = {isa = PBXBuildFile; fileRef = 48AB966F22401CB700CBD657 /* NetworkProtocol.swift */; };
		48AB9673224023B500CBD657 /* TypiCodeImagesError.swift in Sources */ = {isa = PBXBuildFile; fileRef = 48AB9672224023B500CBD657 /* TypiCodeImagesError.swift */; };
		48AB96802240389200CBD657 /* Localizable.strings in Resources */ = {isa = PBXBuildFile; fileRef = 48AB96822240389200CBD657 /* Localizable.strings */; };
		48AB96852240397D00CBD657 /* Strings.swift in Sources */ = {isa = PBXBuildFile; fileRef = 48AB96832240397C00CBD657 /* Strings.swift */; };
		48AB96862240397D00CBD657 /* Images.swift in Sources */ = {isa = PBXBuildFile; fileRef = 48AB96842240397D00CBD657 /* Images.swift */; };
		48AB968822403AFA00CBD657 /* Result.swift in Sources */ = {isa = PBXBuildFile; fileRef = 48AB968722403AFA00CBD657 /* Result.swift */; };
		48AB968A22403BAD00CBD657 /* MoyaNetworkImplementation.swift in Sources */ = {isa = PBXBuildFile; fileRef = 48AB968922403BAD00CBD657 /* MoyaNetworkImplementation.swift */; };
		48AB968C22403D6B00CBD657 /* NetworkUtils.swift in Sources */ = {isa = PBXBuildFile; fileRef = 48AB968B22403D6B00CBD657 /* NetworkUtils.swift */; };
		48AB969F2241261C00CBD657 /* ApiClientTests.swift in Sources */ = {isa = PBXBuildFile; fileRef = 48AB969E2241261C00CBD657 /* ApiClientTests.swift */; };
		48AB96A32241283B00CBD657 /* ApiClientProtocol.swift in Sources */ = {isa = PBXBuildFile; fileRef = 48AB96A22241283B00CBD657 /* ApiClientProtocol.swift */; };
		48AB96A52241288700CBD657 /* GeneratedMocks.swift in Sources */ = {isa = PBXBuildFile; fileRef = 48AB96A42241288700CBD657 /* GeneratedMocks.swift */; };
		609F708752157DE1236D08E7 /* Pods_TypiCodeImages.framework in Frameworks */ = {isa = PBXBuildFile; fileRef = C0FCBFDC66CD9238609B5527 /* Pods_TypiCodeImages.framework */; };
		BE3C1D78C90F932699FFD5D0 /* Pods_TypiCodeImagesTests.framework in Frameworks */ = {isa = PBXBuildFile; fileRef = E8B7D674FF96533088FE42A1 /* Pods_TypiCodeImagesTests.framework */; };
/* End PBXBuildFile section */

/* Begin PBXContainerItemProxy section */
		48AB964F2240163300CBD657 /* PBXContainerItemProxy */ = {
			isa = PBXContainerItemProxy;
			containerPortal = 48AB96322240163000CBD657 /* Project object */;
			proxyType = 1;
			remoteGlobalIDString = 48AB96392240163000CBD657;
			remoteInfo = TypiCodeImages;
		};
/* End PBXContainerItemProxy section */

/* Begin PBXFileReference section */
		0DD78B3DEC87BA8046614844 /* Pods-TypiCodeImagesTests.debug.xcconfig */ = {isa = PBXFileReference; includeInIndex = 1; lastKnownFileType = text.xcconfig; name = "Pods-TypiCodeImagesTests.debug.xcconfig"; path = "Pods/Target Support Files/Pods-TypiCodeImagesTests/Pods-TypiCodeImagesTests.debug.xcconfig"; sourceTree = "<group>"; };
		0E4AFC9B3B2660999E5A4656 /* Pods-TypiCodeImagesUITests.debug.xcconfig */ = {isa = PBXFileReference; includeInIndex = 1; lastKnownFileType = text.xcconfig; name = "Pods-TypiCodeImagesUITests.debug.xcconfig"; path = "Pods/Target Support Files/Pods-TypiCodeImagesUITests/Pods-TypiCodeImagesUITests.debug.xcconfig"; sourceTree = "<group>"; };
		132055D4224079CE00DA1DAB /* NetworkProtocolTests.swift */ = {isa = PBXFileReference; lastKnownFileType = sourcecode.swift; path = NetworkProtocolTests.swift; sourceTree = "<group>"; };
		132055D72240892800DA1DAB /* TypiImageEndpointTests.swift */ = {isa = PBXFileReference; lastKnownFileType = sourcecode.swift; path = TypiImageEndpointTests.swift; sourceTree = "<group>"; };
		132055DD2240908C00DA1DAB /* JSONLoaderTests.swift */ = {isa = PBXFileReference; lastKnownFileType = sourcecode.swift; path = JSONLoaderTests.swift; sourceTree = "<group>"; };
		132055E0224094D500DA1DAB /* ApiClient.swift */ = {isa = PBXFileReference; lastKnownFileType = sourcecode.swift; path = ApiClient.swift; sourceTree = "<group>"; };
		13F4ADCB22406FF800FEF381 /* TypiImageEndPoint.swift */ = {isa = PBXFileReference; lastKnownFileType = sourcecode.swift; path = TypiImageEndPoint.swift; sourceTree = "<group>"; };
		13F4ADCE2240731C00FEF381 /* JSONLoader.swift */ = {isa = PBXFileReference; lastKnownFileType = sourcecode.swift; path = JSONLoader.swift; sourceTree = "<group>"; };
		13F4ADD0224074E600FEF381 /* sampleImages.json */ = {isa = PBXFileReference; lastKnownFileType = text.json; path = sampleImages.json; sourceTree = "<group>"; };
		363001595EB4D61814D29068 /* Pods_TypiCodeImagesUITests.framework */ = {isa = PBXFileReference; explicitFileType = wrapper.framework; includeInIndex = 0; path = Pods_TypiCodeImagesUITests.framework; sourceTree = BUILT_PRODUCTS_DIR; };
		48AB963A2240163000CBD657 /* TypiCodeImages.app */ = {isa = PBXFileReference; explicitFileType = wrapper.application; includeInIndex = 0; path = TypiCodeImages.app; sourceTree = BUILT_PRODUCTS_DIR; };
		48AB963D2240163000CBD657 /* AppDelegate.swift */ = {isa = PBXFileReference; lastKnownFileType = sourcecode.swift; path = AppDelegate.swift; sourceTree = "<group>"; };
		48AB963F2240163000CBD657 /* ViewController.swift */ = {isa = PBXFileReference; lastKnownFileType = sourcecode.swift; path = ViewController.swift; sourceTree = "<group>"; };
		48AB96442240163200CBD657 /* Images.xcassets */ = {isa = PBXFileReference; lastKnownFileType = folder.assetcatalog; path = Images.xcassets; sourceTree = "<group>"; };
		48AB96492240163200CBD657 /* Info.plist */ = {isa = PBXFileReference; lastKnownFileType = text.plist.xml; path = Info.plist; sourceTree = "<group>"; };
		48AB964E2240163300CBD657 /* TypiCodeImagesTests.xctest */ = {isa = PBXFileReference; explicitFileType = wrapper.cfbundle; includeInIndex = 0; path = TypiCodeImagesTests.xctest; sourceTree = BUILT_PRODUCTS_DIR; };
		48AB96542240163300CBD657 /* Info.plist */ = {isa = PBXFileReference; lastKnownFileType = text.plist.xml; path = Info.plist; sourceTree = "<group>"; };
		48AB965D2240163300CBD657 /* TypiCodeImagesUITests.swift */ = {isa = PBXFileReference; lastKnownFileType = sourcecode.swift; path = TypiCodeImagesUITests.swift; sourceTree = "<group>"; };
		48AB965F2240163300CBD657 /* Info.plist */ = {isa = PBXFileReference; lastKnownFileType = text.plist.xml; path = Info.plist; sourceTree = "<group>"; };
		48AB966D22401B1500CBD657 /* Image.swift */ = {isa = PBXFileReference; lastKnownFileType = sourcecode.swift; path = Image.swift; sourceTree = "<group>"; };
		48AB966F22401CB700CBD657 /* NetworkProtocol.swift */ = {isa = PBXFileReference; lastKnownFileType = sourcecode.swift; path = NetworkProtocol.swift; sourceTree = "<group>"; };
		48AB9672224023B500CBD657 /* TypiCodeImagesError.swift */ = {isa = PBXFileReference; lastKnownFileType = sourcecode.swift; path = TypiCodeImagesError.swift; sourceTree = "<group>"; };
		48AB96812240389200CBD657 /* en */ = {isa = PBXFileReference; lastKnownFileType = text.plist.strings; name = en; path = en.lproj/Localizable.strings; sourceTree = "<group>"; };
		48AB96832240397C00CBD657 /* Strings.swift */ = {isa = PBXFileReference; fileEncoding = 4; lastKnownFileType = sourcecode.swift; path = Strings.swift; sourceTree = "<group>"; };
		48AB96842240397D00CBD657 /* Images.swift */ = {isa = PBXFileReference; fileEncoding = 4; lastKnownFileType = sourcecode.swift; path = Images.swift; sourceTree = "<group>"; };
		48AB968722403AFA00CBD657 /* Result.swift */ = {isa = PBXFileReference; lastKnownFileType = sourcecode.swift; path = Result.swift; sourceTree = "<group>"; };
		48AB968922403BAD00CBD657 /* MoyaNetworkImplementation.swift */ = {isa = PBXFileReference; lastKnownFileType = sourcecode.swift; path = MoyaNetworkImplementation.swift; sourceTree = "<group>"; };
		48AB968B22403D6B00CBD657 /* NetworkUtils.swift */ = {isa = PBXFileReference; lastKnownFileType = sourcecode.swift; path = NetworkUtils.swift; sourceTree = "<group>"; };
		48AB969E2241261C00CBD657 /* ApiClientTests.swift */ = {isa = PBXFileReference; lastKnownFileType = sourcecode.swift; path = ApiClientTests.swift; sourceTree = "<group>"; };
		48AB96A22241283B00CBD657 /* ApiClientProtocol.swift */ = {isa = PBXFileReference; lastKnownFileType = sourcecode.swift; path = ApiClientProtocol.swift; sourceTree = "<group>"; };
		48AB96A42241288700CBD657 /* GeneratedMocks.swift */ = {isa = PBXFileReference; fileEncoding = 4; lastKnownFileType = sourcecode.swift; path = GeneratedMocks.swift; sourceTree = "<group>"; };
		518631E03E155C85D73ABFD0 /* Pods-TypiCodeImages.debug.xcconfig */ = {isa = PBXFileReference; includeInIndex = 1; lastKnownFileType = text.xcconfig; name = "Pods-TypiCodeImages.debug.xcconfig"; path = "Pods/Target Support Files/Pods-TypiCodeImages/Pods-TypiCodeImages.debug.xcconfig"; sourceTree = "<group>"; };
		69CEDACA3D2103641BC8418F /* Pods-TypiCodeImagesTests.release.xcconfig */ = {isa = PBXFileReference; includeInIndex = 1; lastKnownFileType = text.xcconfig; name = "Pods-TypiCodeImagesTests.release.xcconfig"; path = "Pods/Target Support Files/Pods-TypiCodeImagesTests/Pods-TypiCodeImagesTests.release.xcconfig"; sourceTree = "<group>"; };
		6B58D9E2185D798BE8624455 /* Pods-TypiCodeImages.release.xcconfig */ = {isa = PBXFileReference; includeInIndex = 1; lastKnownFileType = text.xcconfig; name = "Pods-TypiCodeImages.release.xcconfig"; path = "Pods/Target Support Files/Pods-TypiCodeImages/Pods-TypiCodeImages.release.xcconfig"; sourceTree = "<group>"; };
		9C028E5DBC63AE14CC2D190F /* Pods-TypiCodeImagesUITests.release.xcconfig */ = {isa = PBXFileReference; includeInIndex = 1; lastKnownFileType = text.xcconfig; name = "Pods-TypiCodeImagesUITests.release.xcconfig"; path = "Pods/Target Support Files/Pods-TypiCodeImagesUITests/Pods-TypiCodeImagesUITests.release.xcconfig"; sourceTree = "<group>"; };
		C0FCBFDC66CD9238609B5527 /* Pods_TypiCodeImages.framework */ = {isa = PBXFileReference; explicitFileType = wrapper.framework; includeInIndex = 0; path = Pods_TypiCodeImages.framework; sourceTree = BUILT_PRODUCTS_DIR; };
		E8B7D674FF96533088FE42A1 /* Pods_TypiCodeImagesTests.framework */ = {isa = PBXFileReference; explicitFileType = wrapper.framework; includeInIndex = 0; path = Pods_TypiCodeImagesTests.framework; sourceTree = BUILT_PRODUCTS_DIR; };
/* End PBXFileReference section */

/* Begin PBXFrameworksBuildPhase section */
		48AB96372240163000CBD657 /* Frameworks */ = {
			isa = PBXFrameworksBuildPhase;
			buildActionMask = 2147483647;
			files = (
				609F708752157DE1236D08E7 /* Pods_TypiCodeImages.framework in Frameworks */,
			);
			runOnlyForDeploymentPostprocessing = 0;
		};
		48AB964B2240163300CBD657 /* Frameworks */ = {
			isa = PBXFrameworksBuildPhase;
			buildActionMask = 2147483647;
			files = (
				BE3C1D78C90F932699FFD5D0 /* Pods_TypiCodeImagesTests.framework in Frameworks */,
			);
			runOnlyForDeploymentPostprocessing = 0;
		};
/* End PBXFrameworksBuildPhase section */

/* Begin PBXGroup section */
		132055D3224079AF00DA1DAB /* Network */ = {
			isa = PBXGroup;
			children = (
				132055D4224079CE00DA1DAB /* NetworkProtocolTests.swift */,
				132055D72240892800DA1DAB /* TypiImageEndpointTests.swift */,
			);
			path = Network;
			sourceTree = "<group>";
		};
		132055DA22408E6D00DA1DAB /* Utils */ = {
			isa = PBXGroup;
			children = (
				132055DD2240908C00DA1DAB /* JSONLoaderTests.swift */,
			);
			path = Utils;
			sourceTree = "<group>";
		};
		132055DF2240947400DA1DAB /* ApiClient */ = {
			isa = PBXGroup;
			children = (
				132055E0224094D500DA1DAB /* ApiClient.swift */,
				48AB96A22241283B00CBD657 /* ApiClientProtocol.swift */,
			);
			path = ApiClient;
			sourceTree = "<group>";
		};
		13F4ADCD2240730A00FEF381 /* Utils */ = {
			isa = PBXGroup;
			children = (
				13F4ADCE2240731C00FEF381 /* JSONLoader.swift */,
				13F4ADD0224074E600FEF381 /* sampleImages.json */,
			);
			path = Utils;
			sourceTree = "<group>";
		};
		48AB96312240163000CBD657 = {
			isa = PBXGroup;
			children = (
				48AB963C2240163000CBD657 /* TypiCodeImages */,
				48AB96512240163300CBD657 /* TypiCodeImagesTests */,
				48AB965C2240163300CBD657 /* TypiCodeImagesUITests */,
				48AB963B2240163000CBD657 /* Products */,
				C39150E3AA4DF568E7EA3EBC /* Pods */,
				8E806DB8A4D84B1B99050538 /* Frameworks */,
			);
			sourceTree = "<group>";
		};
		48AB963B2240163000CBD657 /* Products */ = {
			isa = PBXGroup;
			children = (
				48AB963A2240163000CBD657 /* TypiCodeImages.app */,
				48AB964E2240163300CBD657 /* TypiCodeImagesTests.xctest */,
			);
			name = Products;
			sourceTree = "<group>";
		};
		48AB963C2240163000CBD657 /* TypiCodeImages */ = {
			isa = PBXGroup;
			children = (
				132055DF2240947400DA1DAB /* ApiClient */,
				13F4ADCD2240730A00FEF381 /* Utils */,
				48AB96772240378D00CBD657 /* Resources */,
				48AB96712240239800CBD657 /* Error */,
				48AB966C22401AB800CBD657 /* Networking */,
				48AB966B22401A9900CBD657 /* Model */,
				48AB963D2240163000CBD657 /* AppDelegate.swift */,
				48AB963F2240163000CBD657 /* ViewController.swift */,
				48AB96492240163200CBD657 /* Info.plist */,
			);
			path = TypiCodeImages;
			sourceTree = "<group>";
		};
		48AB96512240163300CBD657 /* TypiCodeImagesTests */ = {
			isa = PBXGroup;
			children = (
				48AB96A1224127E700CBD657 /* Mocks */,
				48AB969D224125FE00CBD657 /* ApiClient */,
				132055DA22408E6D00DA1DAB /* Utils */,
				132055D3224079AF00DA1DAB /* Network */,
				48AB96542240163300CBD657 /* Info.plist */,
			);
			path = TypiCodeImagesTests;
			sourceTree = "<group>";
		};
		48AB965C2240163300CBD657 /* TypiCodeImagesUITests */ = {
			isa = PBXGroup;
			children = (
				48AB965D2240163300CBD657 /* TypiCodeImagesUITests.swift */,
				48AB965F2240163300CBD657 /* Info.plist */,
			);
			path = TypiCodeImagesUITests;
			sourceTree = "<group>";
		};
		48AB966B22401A9900CBD657 /* Model */ = {
			isa = PBXGroup;
			children = (
				48AB966D22401B1500CBD657 /* Image.swift */,
				48AB968722403AFA00CBD657 /* Result.swift */,
			);
			path = Model;
			sourceTree = "<group>";
		};
		48AB966C22401AB800CBD657 /* Networking */ = {
			isa = PBXGroup;
			children = (
				48AB966F22401CB700CBD657 /* NetworkProtocol.swift */,
				48AB968922403BAD00CBD657 /* MoyaNetworkImplementation.swift */,
				48AB968B22403D6B00CBD657 /* NetworkUtils.swift */,
				13F4ADCB22406FF800FEF381 /* TypiImageEndPoint.swift */,
			);
			path = Networking;
			sourceTree = "<group>";
		};
		48AB96712240239800CBD657 /* Error */ = {
			isa = PBXGroup;
			children = (
				48AB9672224023B500CBD657 /* TypiCodeImagesError.swift */,
			);
			path = Error;
			sourceTree = "<group>";
		};
		48AB96772240378D00CBD657 /* Resources */ = {
			isa = PBXGroup;
			children = (
				48AB96442240163200CBD657 /* Images.xcassets */,
				48AB9678224037A000CBD657 /* Generated */,
				48AB96822240389200CBD657 /* Localizable.strings */,
			);
			path = Resources;
			sourceTree = "<group>";
		};
		48AB9678224037A000CBD657 /* Generated */ = {
			isa = PBXGroup;
			children = (
				48AB96842240397D00CBD657 /* Images.swift */,
				48AB96832240397C00CBD657 /* Strings.swift */,
			);
			path = Generated;
			sourceTree = "<group>";
		};
		48AB969D224125FE00CBD657 /* ApiClient */ = {
			isa = PBXGroup;
			children = (
				48AB969E2241261C00CBD657 /* ApiClientTests.swift */,
			);
			path = ApiClient;
			sourceTree = "<group>";
		};
		48AB96A1224127E700CBD657 /* Mocks */ = {
			isa = PBXGroup;
			children = (
				48AB96A42241288700CBD657 /* GeneratedMocks.swift */,
			);
			path = Mocks;
			sourceTree = "<group>";
		};
		8E806DB8A4D84B1B99050538 /* Frameworks */ = {
			isa = PBXGroup;
			children = (
				C0FCBFDC66CD9238609B5527 /* Pods_TypiCodeImages.framework */,
				E8B7D674FF96533088FE42A1 /* Pods_TypiCodeImagesTests.framework */,
				363001595EB4D61814D29068 /* Pods_TypiCodeImagesUITests.framework */,
			);
			name = Frameworks;
			sourceTree = "<group>";
		};
		C39150E3AA4DF568E7EA3EBC /* Pods */ = {
			isa = PBXGroup;
			children = (
				518631E03E155C85D73ABFD0 /* Pods-TypiCodeImages.debug.xcconfig */,
				6B58D9E2185D798BE8624455 /* Pods-TypiCodeImages.release.xcconfig */,
				0DD78B3DEC87BA8046614844 /* Pods-TypiCodeImagesTests.debug.xcconfig */,
				69CEDACA3D2103641BC8418F /* Pods-TypiCodeImagesTests.release.xcconfig */,
				0E4AFC9B3B2660999E5A4656 /* Pods-TypiCodeImagesUITests.debug.xcconfig */,
				9C028E5DBC63AE14CC2D190F /* Pods-TypiCodeImagesUITests.release.xcconfig */,
			);
			name = Pods;
			sourceTree = "<group>";
		};
/* End PBXGroup section */

/* Begin PBXNativeTarget section */
		48AB96392240163000CBD657 /* TypiCodeImages */ = {
			isa = PBXNativeTarget;
			buildConfigurationList = 48AB96622240163300CBD657 /* Build configuration list for PBXNativeTarget "TypiCodeImages" */;
			buildPhases = (
				777D41CF92975173EB3E1176 /* [CP] Check Pods Manifest.lock */,
				48AB96752240245000CBD657 /* Swiftgen */,
				48AB96A0224127B600CBD657 /* Cuckoo */,
				48AB96742240243400CBD657 /* Swiftlint */,
				48AB96362240163000CBD657 /* Sources */,
				48AB96372240163000CBD657 /* Frameworks */,
				48AB96382240163000CBD657 /* Resources */,
				B55CEE7A5F5FE0386B84946E /* [CP] Embed Pods Frameworks */,
			);
			buildRules = (
			);
			dependencies = (
			);
			name = TypiCodeImages;
			productName = TypiCodeImages;
			productReference = 48AB963A2240163000CBD657 /* TypiCodeImages.app */;
			productType = "com.apple.product-type.application";
		};
		48AB964D2240163300CBD657 /* TypiCodeImagesTests */ = {
			isa = PBXNativeTarget;
			buildConfigurationList = 48AB96652240163300CBD657 /* Build configuration list for PBXNativeTarget "TypiCodeImagesTests" */;
			buildPhases = (
				34D9AC2BC4954648FD131AFC /* [CP] Check Pods Manifest.lock */,
				48AB964A2240163300CBD657 /* Sources */,
				48AB964B2240163300CBD657 /* Frameworks */,
				48AB964C2240163300CBD657 /* Resources */,
				18064C016857A9ED87AE128E /* [CP] Embed Pods Frameworks */,
			);
			buildRules = (
			);
			dependencies = (
				48AB96502240163300CBD657 /* PBXTargetDependency */,
			);
			name = TypiCodeImagesTests;
			productName = TypiCodeImagesTests;
			productReference = 48AB964E2240163300CBD657 /* TypiCodeImagesTests.xctest */;
			productType = "com.apple.product-type.bundle.unit-test";
		};
/* End PBXNativeTarget section */

/* Begin PBXProject section */
		48AB96322240163000CBD657 /* Project object */ = {
			isa = PBXProject;
			attributes = {
				LastSwiftUpdateCheck = 1000;
				LastUpgradeCheck = 1000;
				ORGANIZATIONNAME = Sanwal;
				TargetAttributes = {
					48AB96392240163000CBD657 = {
						CreatedOnToolsVersion = 10.0;
					};
					48AB964D2240163300CBD657 = {
						CreatedOnToolsVersion = 10.0;
						TestTargetID = 48AB96392240163000CBD657;
					};
				};
			};
			buildConfigurationList = 48AB96352240163000CBD657 /* Build configuration list for PBXProject "TypiCodeImages" */;
			compatibilityVersion = "Xcode 9.3";
			developmentRegion = en;
			hasScannedForEncodings = 0;
			knownRegions = (
				en,
				Base,
			);
			mainGroup = 48AB96312240163000CBD657;
			productRefGroup = 48AB963B2240163000CBD657 /* Products */;
			projectDirPath = "";
			projectRoot = "";
			targets = (
				48AB96392240163000CBD657 /* TypiCodeImages */,
				48AB964D2240163300CBD657 /* TypiCodeImagesTests */,
			);
		};
/* End PBXProject section */

/* Begin PBXResourcesBuildPhase section */
		48AB96382240163000CBD657 /* Resources */ = {
			isa = PBXResourcesBuildPhase;
			buildActionMask = 2147483647;
			files = (
				48AB96802240389200CBD657 /* Localizable.strings in Resources */,
				13F4ADD1224074E600FEF381 /* sampleImages.json in Resources */,
				48AB96452240163200CBD657 /* Images.xcassets in Resources */,
			);
			runOnlyForDeploymentPostprocessing = 0;
		};
		48AB964C2240163300CBD657 /* Resources */ = {
			isa = PBXResourcesBuildPhase;
			buildActionMask = 2147483647;
			files = (
				132055D62240862E00DA1DAB /* sampleImages.json in Resources */,
			);
			runOnlyForDeploymentPostprocessing = 0;
		};
/* End PBXResourcesBuildPhase section */

/* Begin PBXShellScriptBuildPhase section */
		18064C016857A9ED87AE128E /* [CP] Embed Pods Frameworks */ = {
			isa = PBXShellScriptBuildPhase;
			buildActionMask = 2147483647;
			files = (
			);
			inputPaths = (
				"${PODS_ROOT}/Target Support Files/Pods-TypiCodeImagesTests/Pods-TypiCodeImagesTests-frameworks.sh",
				"${BUILT_PRODUCTS_DIR}/RxAtomic/RxAtomic.framework",
				"${BUILT_PRODUCTS_DIR}/RxSwift/RxSwift.framework",
				"${BUILT_PRODUCTS_DIR}/Cuckoo/Cuckoo.framework",
				"${BUILT_PRODUCTS_DIR}/Nimble/Nimble.framework",
				"${BUILT_PRODUCTS_DIR}/Quick/Quick.framework",
				"${BUILT_PRODUCTS_DIR}/RxBlocking/RxBlocking.framework",
				"${BUILT_PRODUCTS_DIR}/RxTest/RxTest.framework",
			);
			name = "[CP] Embed Pods Frameworks";
			outputPaths = (
				"${TARGET_BUILD_DIR}/${FRAMEWORKS_FOLDER_PATH}/RxAtomic.framework",
				"${TARGET_BUILD_DIR}/${FRAMEWORKS_FOLDER_PATH}/RxSwift.framework",
				"${TARGET_BUILD_DIR}/${FRAMEWORKS_FOLDER_PATH}/Cuckoo.framework",
				"${TARGET_BUILD_DIR}/${FRAMEWORKS_FOLDER_PATH}/Nimble.framework",
				"${TARGET_BUILD_DIR}/${FRAMEWORKS_FOLDER_PATH}/Quick.framework",
				"${TARGET_BUILD_DIR}/${FRAMEWORKS_FOLDER_PATH}/RxBlocking.framework",
				"${TARGET_BUILD_DIR}/${FRAMEWORKS_FOLDER_PATH}/RxTest.framework",
			);
			runOnlyForDeploymentPostprocessing = 0;
			shellPath = /bin/sh;
			shellScript = "\"${PODS_ROOT}/Target Support Files/Pods-TypiCodeImagesTests/Pods-TypiCodeImagesTests-frameworks.sh\"\n";
			showEnvVarsInLog = 0;
		};
		34D9AC2BC4954648FD131AFC /* [CP] Check Pods Manifest.lock */ = {
			isa = PBXShellScriptBuildPhase;
			buildActionMask = 2147483647;
			files = (
			);
			inputPaths = (
				"${PODS_PODFILE_DIR_PATH}/Podfile.lock",
				"${PODS_ROOT}/Manifest.lock",
			);
			name = "[CP] Check Pods Manifest.lock";
			outputPaths = (
				"$(DERIVED_FILE_DIR)/Pods-TypiCodeImagesTests-checkManifestLockResult.txt",
			);
			runOnlyForDeploymentPostprocessing = 0;
			shellPath = /bin/sh;
			shellScript = "diff \"${PODS_PODFILE_DIR_PATH}/Podfile.lock\" \"${PODS_ROOT}/Manifest.lock\" > /dev/null\nif [ $? != 0 ] ; then\n    # print error to STDERR\n    echo \"error: The sandbox is not in sync with the Podfile.lock. Run 'pod install' or update your CocoaPods installation.\" >&2\n    exit 1\nfi\n# This output is used by Xcode 'outputs' to avoid re-running this script phase.\necho \"SUCCESS\" > \"${SCRIPT_OUTPUT_FILE_0}\"\n";
			showEnvVarsInLog = 0;
		};
		48AB96742240243400CBD657 /* Swiftlint */ = {
			isa = PBXShellScriptBuildPhase;
			buildActionMask = 2147483647;
			files = (
			);
			inputFileListPaths = (
			);
			inputPaths = (
			);
			name = Swiftlint;
			outputFileListPaths = (
			);
			outputPaths = (
			);
			runOnlyForDeploymentPostprocessing = 0;
			shellPath = /bin/sh;
			shellScript = "# Type a script or drag a script file from your workspace to insert its path.\n${PODS_ROOT}/SwiftLint/swiftlint\n${PODS_ROOT}/SwiftLint/swiftlint autocorrect\n";
		};
		48AB96752240245000CBD657 /* Swiftgen */ = {
			isa = PBXShellScriptBuildPhase;
			buildActionMask = 2147483647;
			files = (
			);
			inputFileListPaths = (
			);
			inputPaths = (
			);
			name = Swiftgen;
			outputFileListPaths = (
			);
			outputPaths = (
			);
			runOnlyForDeploymentPostprocessing = 0;
			shellPath = /bin/sh;
			shellScript = "\"${SRCROOT}/scripts/swiftgen.sh\"\n";
		};
		48AB96A0224127B600CBD657 /* Cuckoo */ = {
			isa = PBXShellScriptBuildPhase;
			buildActionMask = 2147483647;
			files = (
			);
			inputFileListPaths = (
			);
			inputPaths = (
			);
			name = Cuckoo;
			outputFileListPaths = (
			);
			outputPaths = (
			);
			runOnlyForDeploymentPostprocessing = 0;
			shellPath = /bin/sh;
			shellScript = "# Define output file. Change \"${PROJECT_DIR}/${PROJECT_NAME}Tests\" to your test's root source folder, if it's not the default name.\nOUTPUT_FILE=\"${PROJECT_DIR}/${PROJECT_NAME}Tests/Mocks/GeneratedMocks.swift\"\necho \"Generated Mocks File = ${OUTPUT_FILE}\"\n\n# Define input directory. Change \"${PROJECT_DIR}/${PROJECT_NAME}\" to your project's root source folder, if it's not the default name.\nINPUT_DIR=\"${PROJECT_DIR}/${PROJECT_NAME}\"\necho \"Mocks Input Directory = ${INPUT_DIR}\"\n\n# Generate mock files, include as many input files as you'd like to create mocks for.\n\"${PODS_ROOT}/Cuckoo/run\" generate --testable \"${PROJECT_NAME}\" \\\n--output \"${OUTPUT_FILE}\" \\\n\"${INPUT_DIR}/Networking/NetworkProtocol.swift\" \\\n\"${INPUT_DIR}/ApiClient/ApiClientProtocol.swift\"\n";
		};
		777D41CF92975173EB3E1176 /* [CP] Check Pods Manifest.lock */ = {
			isa = PBXShellScriptBuildPhase;
			buildActionMask = 2147483647;
			files = (
			);
			inputPaths = (
				"${PODS_PODFILE_DIR_PATH}/Podfile.lock",
				"${PODS_ROOT}/Manifest.lock",
			);
			name = "[CP] Check Pods Manifest.lock";
			outputPaths = (
				"$(DERIVED_FILE_DIR)/Pods-TypiCodeImages-checkManifestLockResult.txt",
			);
			runOnlyForDeploymentPostprocessing = 0;
			shellPath = /bin/sh;
			shellScript = "diff \"${PODS_PODFILE_DIR_PATH}/Podfile.lock\" \"${PODS_ROOT}/Manifest.lock\" > /dev/null\nif [ $? != 0 ] ; then\n    # print error to STDERR\n    echo \"error: The sandbox is not in sync with the Podfile.lock. Run 'pod install' or update your CocoaPods installation.\" >&2\n    exit 1\nfi\n# This output is used by Xcode 'outputs' to avoid re-running this script phase.\necho \"SUCCESS\" > \"${SCRIPT_OUTPUT_FILE_0}\"\n";
			showEnvVarsInLog = 0;
		};
		B55CEE7A5F5FE0386B84946E /* [CP] Embed Pods Frameworks */ = {
			isa = PBXShellScriptBuildPhase;
			buildActionMask = 2147483647;
			files = (
			);
			inputPaths = (
				"${PODS_ROOT}/Target Support Files/Pods-TypiCodeImages/Pods-TypiCodeImages-frameworks.sh",
				"${BUILT_PRODUCTS_DIR}/Alamofire/Alamofire.framework",
				"${BUILT_PRODUCTS_DIR}/Moya/Moya.framework",
				"${BUILT_PRODUCTS_DIR}/Result/Result.framework",
				"${BUILT_PRODUCTS_DIR}/RxAtomic/RxAtomic.framework",
				"${BUILT_PRODUCTS_DIR}/RxCocoa/RxCocoa.framework",
				"${BUILT_PRODUCTS_DIR}/RxSwift/RxSwift.framework",
				"${BUILT_PRODUCTS_DIR}/SnapKit/SnapKit.framework",
				"${BUILT_PRODUCTS_DIR}/Swinject/Swinject.framework",
			);
			name = "[CP] Embed Pods Frameworks";
			outputPaths = (
				"${TARGET_BUILD_DIR}/${FRAMEWORKS_FOLDER_PATH}/Alamofire.framework",
				"${TARGET_BUILD_DIR}/${FRAMEWORKS_FOLDER_PATH}/Moya.framework",
				"${TARGET_BUILD_DIR}/${FRAMEWORKS_FOLDER_PATH}/Result.framework",
				"${TARGET_BUILD_DIR}/${FRAMEWORKS_FOLDER_PATH}/RxAtomic.framework",
				"${TARGET_BUILD_DIR}/${FRAMEWORKS_FOLDER_PATH}/RxCocoa.framework",
				"${TARGET_BUILD_DIR}/${FRAMEWORKS_FOLDER_PATH}/RxSwift.framework",
				"${TARGET_BUILD_DIR}/${FRAMEWORKS_FOLDER_PATH}/SnapKit.framework",
				"${TARGET_BUILD_DIR}/${FRAMEWORKS_FOLDER_PATH}/Swinject.framework",
			);
			runOnlyForDeploymentPostprocessing = 0;
			shellPath = /bin/sh;
			shellScript = "\"${PODS_ROOT}/Target Support Files/Pods-TypiCodeImages/Pods-TypiCodeImages-frameworks.sh\"\n";
			showEnvVarsInLog = 0;
		};
/* End PBXShellScriptBuildPhase section */

/* Begin PBXSourcesBuildPhase section */
		48AB96362240163000CBD657 /* Sources */ = {
			isa = PBXSourcesBuildPhase;
			buildActionMask = 2147483647;
			files = (
				48AB96862240397D00CBD657 /* Images.swift in Sources */,
				48AB967022401CB700CBD657 /* NetworkProtocol.swift in Sources */,
				48AB968C22403D6B00CBD657 /* NetworkUtils.swift in Sources */,
				48AB96402240163000CBD657 /* ViewController.swift in Sources */,
				48AB966E22401B1500CBD657 /* Image.swift in Sources */,
				48AB963E2240163000CBD657 /* AppDelegate.swift in Sources */,
				48AB96852240397D00CBD657 /* Strings.swift in Sources */,
				48AB96A32241283B00CBD657 /* ApiClientProtocol.swift in Sources */,
				48AB968A22403BAD00CBD657 /* MoyaNetworkImplementation.swift in Sources */,
				132055E1224094D500DA1DAB /* ApiClient.swift in Sources */,
				13F4ADCF2240731C00FEF381 /* JSONLoader.swift in Sources */,
				48AB968822403AFA00CBD657 /* Result.swift in Sources */,
				13F4ADCC22406FF800FEF381 /* TypiImageEndPoint.swift in Sources */,
				48AB9673224023B500CBD657 /* TypiCodeImagesError.swift in Sources */,
			);
			runOnlyForDeploymentPostprocessing = 0;
		};
		48AB964A2240163300CBD657 /* Sources */ = {
			isa = PBXSourcesBuildPhase;
			buildActionMask = 2147483647;
			files = (
				132055DE2240908C00DA1DAB /* JSONLoaderTests.swift in Sources */,
				132055D5224079CE00DA1DAB /* NetworkProtocolTests.swift in Sources */,
				132055D82240892800DA1DAB /* TypiImageEndpointTests.swift in Sources */,
				48AB969F2241261C00CBD657 /* ApiClientTests.swift in Sources */,
				48AB96A52241288700CBD657 /* GeneratedMocks.swift in Sources */,
			);
			runOnlyForDeploymentPostprocessing = 0;
		};
/* End PBXSourcesBuildPhase section */

/* Begin PBXTargetDependency section */
		48AB96502240163300CBD657 /* PBXTargetDependency */ = {
			isa = PBXTargetDependency;
			target = 48AB96392240163000CBD657 /* TypiCodeImages */;
			targetProxy = 48AB964F2240163300CBD657 /* PBXContainerItemProxy */;
		};
/* End PBXTargetDependency section */

/* Begin PBXVariantGroup section */
		48AB96822240389200CBD657 /* Localizable.strings */ = {
			isa = PBXVariantGroup;
			children = (
				48AB96812240389200CBD657 /* en */,
			);
			name = Localizable.strings;
			sourceTree = "<group>";
		};
/* End PBXVariantGroup section */

/* Begin XCBuildConfiguration section */
		48AB96602240163300CBD657 /* Debug */ = {
			isa = XCBuildConfiguration;
			buildSettings = {
				ALWAYS_SEARCH_USER_PATHS = NO;
				CLANG_ANALYZER_NONNULL = YES;
				CLANG_ANALYZER_NUMBER_OBJECT_CONVERSION = YES_AGGRESSIVE;
				CLANG_CXX_LANGUAGE_STANDARD = "gnu++14";
				CLANG_CXX_LIBRARY = "libc++";
				CLANG_ENABLE_MODULES = YES;
				CLANG_ENABLE_OBJC_ARC = YES;
				CLANG_ENABLE_OBJC_WEAK = YES;
				CLANG_WARN_BLOCK_CAPTURE_AUTORELEASING = YES;
				CLANG_WARN_BOOL_CONVERSION = YES;
				CLANG_WARN_COMMA = YES;
				CLANG_WARN_CONSTANT_CONVERSION = YES;
				CLANG_WARN_DEPRECATED_OBJC_IMPLEMENTATIONS = YES;
				CLANG_WARN_DIRECT_OBJC_ISA_USAGE = YES_ERROR;
				CLANG_WARN_DOCUMENTATION_COMMENTS = YES;
				CLANG_WARN_EMPTY_BODY = YES;
				CLANG_WARN_ENUM_CONVERSION = YES;
				CLANG_WARN_INFINITE_RECURSION = YES;
				CLANG_WARN_INT_CONVERSION = YES;
				CLANG_WARN_NON_LITERAL_NULL_CONVERSION = YES;
				CLANG_WARN_OBJC_IMPLICIT_RETAIN_SELF = YES;
				CLANG_WARN_OBJC_LITERAL_CONVERSION = YES;
				CLANG_WARN_OBJC_ROOT_CLASS = YES_ERROR;
				CLANG_WARN_RANGE_LOOP_ANALYSIS = YES;
				CLANG_WARN_STRICT_PROTOTYPES = YES;
				CLANG_WARN_SUSPICIOUS_MOVE = YES;
				CLANG_WARN_UNGUARDED_AVAILABILITY = YES_AGGRESSIVE;
				CLANG_WARN_UNREACHABLE_CODE = YES;
				CLANG_WARN__DUPLICATE_METHOD_MATCH = YES;
				CODE_SIGN_IDENTITY = "iPhone Developer";
				COPY_PHASE_STRIP = NO;
				DEBUG_INFORMATION_FORMAT = dwarf;
				ENABLE_STRICT_OBJC_MSGSEND = YES;
				ENABLE_TESTABILITY = YES;
				GCC_C_LANGUAGE_STANDARD = gnu11;
				GCC_DYNAMIC_NO_PIC = NO;
				GCC_NO_COMMON_BLOCKS = YES;
				GCC_OPTIMIZATION_LEVEL = 0;
				GCC_PREPROCESSOR_DEFINITIONS = (
					"DEBUG=1",
					"$(inherited)",
				);
				GCC_WARN_64_TO_32_BIT_CONVERSION = YES;
				GCC_WARN_ABOUT_RETURN_TYPE = YES_ERROR;
				GCC_WARN_UNDECLARED_SELECTOR = YES;
				GCC_WARN_UNINITIALIZED_AUTOS = YES_AGGRESSIVE;
				GCC_WARN_UNUSED_FUNCTION = YES;
				GCC_WARN_UNUSED_VARIABLE = YES;
				IPHONEOS_DEPLOYMENT_TARGET = 12.0;
				MTL_ENABLE_DEBUG_INFO = INCLUDE_SOURCE;
				MTL_FAST_MATH = YES;
				ONLY_ACTIVE_ARCH = YES;
				SDKROOT = iphoneos;
				SWIFT_ACTIVE_COMPILATION_CONDITIONS = DEBUG;
				SWIFT_OPTIMIZATION_LEVEL = "-Onone";
			};
			name = Debug;
		};
		48AB96612240163300CBD657 /* Release */ = {
			isa = XCBuildConfiguration;
			buildSettings = {
				ALWAYS_SEARCH_USER_PATHS = NO;
				CLANG_ANALYZER_NONNULL = YES;
				CLANG_ANALYZER_NUMBER_OBJECT_CONVERSION = YES_AGGRESSIVE;
				CLANG_CXX_LANGUAGE_STANDARD = "gnu++14";
				CLANG_CXX_LIBRARY = "libc++";
				CLANG_ENABLE_MODULES = YES;
				CLANG_ENABLE_OBJC_ARC = YES;
				CLANG_ENABLE_OBJC_WEAK = YES;
				CLANG_WARN_BLOCK_CAPTURE_AUTORELEASING = YES;
				CLANG_WARN_BOOL_CONVERSION = YES;
				CLANG_WARN_COMMA = YES;
				CLANG_WARN_CONSTANT_CONVERSION = YES;
				CLANG_WARN_DEPRECATED_OBJC_IMPLEMENTATIONS = YES;
				CLANG_WARN_DIRECT_OBJC_ISA_USAGE = YES_ERROR;
				CLANG_WARN_DOCUMENTATION_COMMENTS = YES;
				CLANG_WARN_EMPTY_BODY = YES;
				CLANG_WARN_ENUM_CONVERSION = YES;
				CLANG_WARN_INFINITE_RECURSION = YES;
				CLANG_WARN_INT_CONVERSION = YES;
				CLANG_WARN_NON_LITERAL_NULL_CONVERSION = YES;
				CLANG_WARN_OBJC_IMPLICIT_RETAIN_SELF = YES;
				CLANG_WARN_OBJC_LITERAL_CONVERSION = YES;
				CLANG_WARN_OBJC_ROOT_CLASS = YES_ERROR;
				CLANG_WARN_RANGE_LOOP_ANALYSIS = YES;
				CLANG_WARN_STRICT_PROTOTYPES = YES;
				CLANG_WARN_SUSPICIOUS_MOVE = YES;
				CLANG_WARN_UNGUARDED_AVAILABILITY = YES_AGGRESSIVE;
				CLANG_WARN_UNREACHABLE_CODE = YES;
				CLANG_WARN__DUPLICATE_METHOD_MATCH = YES;
				CODE_SIGN_IDENTITY = "iPhone Developer";
				COPY_PHASE_STRIP = NO;
				DEBUG_INFORMATION_FORMAT = "dwarf-with-dsym";
				ENABLE_NS_ASSERTIONS = NO;
				ENABLE_STRICT_OBJC_MSGSEND = YES;
				GCC_C_LANGUAGE_STANDARD = gnu11;
				GCC_NO_COMMON_BLOCKS = YES;
				GCC_WARN_64_TO_32_BIT_CONVERSION = YES;
				GCC_WARN_ABOUT_RETURN_TYPE = YES_ERROR;
				GCC_WARN_UNDECLARED_SELECTOR = YES;
				GCC_WARN_UNINITIALIZED_AUTOS = YES_AGGRESSIVE;
				GCC_WARN_UNUSED_FUNCTION = YES;
				GCC_WARN_UNUSED_VARIABLE = YES;
				IPHONEOS_DEPLOYMENT_TARGET = 12.0;
				MTL_ENABLE_DEBUG_INFO = NO;
				MTL_FAST_MATH = YES;
				SDKROOT = iphoneos;
				SWIFT_COMPILATION_MODE = wholemodule;
				SWIFT_OPTIMIZATION_LEVEL = "-O";
				VALIDATE_PRODUCT = YES;
			};
			name = Release;
		};
		48AB96632240163300CBD657 /* Debug */ = {
			isa = XCBuildConfiguration;
			baseConfigurationReference = 518631E03E155C85D73ABFD0 /* Pods-TypiCodeImages.debug.xcconfig */;
			buildSettings = {
				ASSETCATALOG_COMPILER_APPICON_NAME = AppIcon;
				CODE_SIGN_STYLE = Automatic;
				INFOPLIST_FILE = TypiCodeImages/Info.plist;
				LD_RUNPATH_SEARCH_PATHS = (
					"$(inherited)",
					"@executable_path/Frameworks",
				);
				PRODUCT_BUNDLE_IDENTIFIER = com.sanwal.TypiCodeImages;
				PRODUCT_NAME = "$(TARGET_NAME)";
				SWIFT_VERSION = 4.2;
				TARGETED_DEVICE_FAMILY = "1,2";
			};
			name = Debug;
		};
		48AB96642240163300CBD657 /* Release */ = {
			isa = XCBuildConfiguration;
			baseConfigurationReference = 6B58D9E2185D798BE8624455 /* Pods-TypiCodeImages.release.xcconfig */;
			buildSettings = {
				ASSETCATALOG_COMPILER_APPICON_NAME = AppIcon;
				CODE_SIGN_STYLE = Automatic;
				INFOPLIST_FILE = TypiCodeImages/Info.plist;
				LD_RUNPATH_SEARCH_PATHS = (
					"$(inherited)",
					"@executable_path/Frameworks",
				);
				PRODUCT_BUNDLE_IDENTIFIER = com.sanwal.TypiCodeImages;
				PRODUCT_NAME = "$(TARGET_NAME)";
				SWIFT_VERSION = 4.2;
				TARGETED_DEVICE_FAMILY = "1,2";
			};
			name = Release;
		};
		48AB96662240163300CBD657 /* Debug */ = {
			isa = XCBuildConfiguration;
			baseConfigurationReference = 0DD78B3DEC87BA8046614844 /* Pods-TypiCodeImagesTests.debug.xcconfig */;
			buildSettings = {
				ALWAYS_EMBED_SWIFT_STANDARD_LIBRARIES = YES;
				BUNDLE_LOADER = "$(TEST_HOST)";
				CODE_SIGN_STYLE = Automatic;
				INFOPLIST_FILE = TypiCodeImagesTests/Info.plist;
				LD_RUNPATH_SEARCH_PATHS = (
					"$(inherited)",
					"@executable_path/Frameworks",
					"@loader_path/Frameworks",
				);
				PRODUCT_BUNDLE_IDENTIFIER = com.sanwal.TypiCodeImagesTests;
				PRODUCT_NAME = "$(TARGET_NAME)";
				SWIFT_VERSION = 4.2;
				TARGETED_DEVICE_FAMILY = "1,2";
				TEST_HOST = "$(BUILT_PRODUCTS_DIR)/TypiCodeImages.app/TypiCodeImages";
			};
			name = Debug;
		};
		48AB96672240163300CBD657 /* Release */ = {
			isa = XCBuildConfiguration;
			baseConfigurationReference = 69CEDACA3D2103641BC8418F /* Pods-TypiCodeImagesTests.release.xcconfig */;
			buildSettings = {
				ALWAYS_EMBED_SWIFT_STANDARD_LIBRARIES = YES;
				BUNDLE_LOADER = "$(TEST_HOST)";
				CODE_SIGN_STYLE = Automatic;
				INFOPLIST_FILE = TypiCodeImagesTests/Info.plist;
				LD_RUNPATH_SEARCH_PATHS = (
					"$(inherited)",
					"@executable_path/Frameworks",
					"@loader_path/Frameworks",
				);
				PRODUCT_BUNDLE_IDENTIFIER = com.sanwal.TypiCodeImagesTests;
				PRODUCT_NAME = "$(TARGET_NAME)";
				SWIFT_VERSION = 4.2;
				TARGETED_DEVICE_FAMILY = "1,2";
				TEST_HOST = "$(BUILT_PRODUCTS_DIR)/TypiCodeImages.app/TypiCodeImages";
			};
			name = Release;
		};
/* End XCBuildConfiguration section */

/* Begin XCConfigurationList section */
		48AB96352240163000CBD657 /* Build configuration list for PBXProject "TypiCodeImages" */ = {
			isa = XCConfigurationList;
			buildConfigurations = (
				48AB96602240163300CBD657 /* Debug */,
				48AB96612240163300CBD657 /* Release */,
			);
			defaultConfigurationIsVisible = 0;
			defaultConfigurationName = Release;
		};
		48AB96622240163300CBD657 /* Build configuration list for PBXNativeTarget "TypiCodeImages" */ = {
			isa = XCConfigurationList;
			buildConfigurations = (
				48AB96632240163300CBD657 /* Debug */,
				48AB96642240163300CBD657 /* Release */,
			);
			defaultConfigurationIsVisible = 0;
			defaultConfigurationName = Release;
		};
		48AB96652240163300CBD657 /* Build configuration list for PBXNativeTarget "TypiCodeImagesTests" */ = {
			isa = XCConfigurationList;
			buildConfigurations = (
				48AB96662240163300CBD657 /* Debug */,
				48AB96672240163300CBD657 /* Release */,
			);
			defaultConfigurationIsVisible = 0;
			defaultConfigurationName = Release;
		};
/* End XCConfigurationList section */
	};
	rootObject = 48AB96322240163000CBD657 /* Project object */;
}
